lockfileVersion: '6.0'

importers:

  .:
    devDependencies:
      typescript:
        specifier: 4.8.4
        version: 4.8.4

  ../../lib1:
    dependencies:
      tslib:
        specifier: 2.4.0
        version: 2.4.0
    devDependencies:
      '@private/my-tool':
        specifier: workspace:*
        version: link:../tools/my-tool
      typescript:
        specifier: 4.8.4
        version: 4.8.4

  ../../lib2:
    dependencies:
      tslib:
        specifier: 2.4.0
        version: 2.4.0
    devDependencies:
      '@private/my-tool':
        specifier: workspace:*
        version: link:../tools/my-tool
      typescript:
        specifier: 4.8.4
        version: 4.8.4

  ../../tools/my-tool:
    dependencies:
      tslib:
        specifier: 2.4.0
        version: 2.4.0
    devDependencies:
      typescript:
        specifier: 4.8.4
        version: 4.8.4

packages:

  /tslib@2.4.0:
    resolution: {integrity: sha512-d6xOpEDfsi2CZVlPQzGeux8XMwLT9hssAsaPYExaQMuYskwb+x1x7J371tWlbBdWHroy99KnVB6qIkUbs5X3UQ==}
    dev: false

  /typescript@4.8.4:
    resolution: {integrity: sha512-QCh+85mCy+h0IGff8r5XWzOVSbBO+KfeYrMQh7NJ58QujwcE22u+NUSmUxqF+un70P9GXKxa2HCNiTTMJknyjQ==}
    engines: {node: '>=4.2.0'}
    hasBin: true
    dev: true

settings:
  autoInstallPeers: true
  excludeLinksFromLockfile: false
